{
  "requires": true,
  "lockfileVersion": 1,
  "dependencies": {
    "tslib": {
      "version": "1.9.3",
      "resolved": "http://registry.npm.taobao.org/tslib/download/tslib-1.9.3.tgz",
      "integrity": "sha1-1+TdeSRdhUKMTX5IIqeZF5VMooY="
    },
    "typescript": {
      "version": "3.4.0-dev.20190326",
      "resolved": "http://registry.npm.taobao.org/typescript/download/typescript-3.4.0-dev.20190326.tgz?cache=0&other_urls=http%3A%2F%2Fregistry.npm.taobao.org%2Ftypescript%2Fdownload%2Ftypescript-3.4.0-dev.20190326.tgz",
      "integrity": "sha1-acZ5BPJAJME9CLeE3mZGJHAJfzc="
    }
  }
}
